
Microsoft Visual Studio Solution File, Format Version 12.00
# Visual Studio 15
VisualStudioVersion = 15.0.27428.2037
MinimumVisualStudioVersion = 10.0.40219.1
Project("{FAE04EC0-301F-11D3-BF4B-00C04F79EFBC}") = "ToDoList", "ToDoList\ToDoList.csproj", "{E9B657E6-A84D-483C-A844-CF143B84970F}"
EndProject
Global
	GlobalSection(SolutionConfigurationPlatforms) = preSolution
		Debug|Any CPU = Debug|Any CPU
		Release|Any CPU = Release|Any CPU
	EndGlobalSection
	GlobalSection(ProjectConfigurationPlatforms) = postSolution
		{E9B657E6-A84D-483C-A844-CF143B84970F}.Debug|Any CPU.ActiveCfg = Debug|Any CPU
		{E9B657E6-A84D-483C-A844-CF143B84970F}.Debug|Any CPU.Build.0 = Debug|Any CPU
		{E9B657E6-A84D-483C-A844-CF143B84970F}.Release|Any CPU.ActiveCfg = Release|Any CPU
		{E9B657E6-A84D-483C-A844-CF143B84970F}.Release|Any CPU.Build.0 = Release|Any CPU
	EndGlobalSection
	GlobalSection(SolutionProperties) = preSolution
		HideSolutionNode = FALSE
	EndGlobalSection
	GlobalSection(ExtensibilityGlobals) = postSolution
		SolutionGuid = {1DDC611C-868A-40C0-8ED6-6D4A0AC287E4}
	EndGlobalSection
EndGlobal
